
Microsoft Visual Studio Solution File, Format Version 12.00
# Visual Studio Version 17
VisualStudioVersion = 17.9.34701.34
MinimumVisualStudioVersion = 10.0.40219.1
Project("{FAE04EC0-301F-11D3-BF4B-00C04F79EFBC}") = "UnitTesting", "UnitTesting\UnitTesting.csproj", "{97990EF4-7EBA-4B56-A220-0E2558AB4365}"
EndProject
Global
	GlobalSection(SolutionConfigurationPlatforms) = preSolution
		Debug|Any CPU = Debug|Any CPU
		Release|Any CPU = Release|Any CPU
	EndGlobalSection
	GlobalSection(ProjectConfigurationPlatforms) = postSolution
		{97990EF4-7EBA-4B56-A220-0E2558AB4365}.Debug|Any CPU.ActiveCfg = Debug|Any CPU
		{97990EF4-7EBA-4B56-A220-0E2558AB4365}.Debug|Any CPU.Build.0 = Debug|Any CPU
		{97990EF4-7EBA-4B56-A220-0E2558AB4365}.Release|Any CPU.ActiveCfg = Release|Any CPU
		{97990EF4-7EBA-4B56-A220-0E2558AB4365}.Release|Any CPU.Build.0 = Release|Any CPU
	EndGlobalSection
	GlobalSection(SolutionProperties) = preSolution
		HideSolutionNode = FALSE
	EndGlobalSection
	GlobalSection(ExtensibilityGlobals) = postSolution
		SolutionGuid = {5791DCD3-CE8D-4A6A-9EE5-D32DBA07A4E8}
	EndGlobalSection
EndGlobal
